
Microsoft Visual Studio Solution File, Format Version 12.00
# Visual Studio Version 17
VisualStudioVersion = 17.0.31903.59
MinimumVisualStudioVersion = 10.0.40219.1
Project("{FAE04EC0-301F-11D3-BF4B-00C04F79EFBC}") = "Sprockets.Orders.Api", "Sprockets.Orders.Api\Sprockets.Orders.Api.csproj", "{8B804D91-E1ED-47F2-9F4A-1447448DFEE8}"
EndProject
Project("{FAE04EC0-301F-11D3-BF4B-00C04F79EFBC}") = "Sprockets.Console.PluginTest", "Sprockets.Console.PluginTest\Sprockets.Console.PluginTest.csproj", "{90C91C34-BE13-492A-AF5C-4EF80DBD491B}"
EndProject
Global
	GlobalSection(SolutionConfigurationPlatforms) = preSolution
		Debug|Any CPU = Debug|Any CPU
		Release|Any CPU = Release|Any CPU
	EndGlobalSection
	GlobalSection(SolutionProperties) = preSolution
		HideSolutionNode = FALSE
	EndGlobalSection
	GlobalSection(ProjectConfigurationPlatforms) = postSolution
		{8B804D91-E1ED-47F2-9F4A-1447448DFEE8}.Debug|Any CPU.ActiveCfg = Debug|Any CPU
		{8B804D91-E1ED-47F2-9F4A-1447448DFEE8}.Debug|Any CPU.Build.0 = Debug|Any CPU
		{8B804D91-E1ED-47F2-9F4A-1447448DFEE8}.Release|Any CPU.ActiveCfg = Release|Any CPU
		{8B804D91-E1ED-47F2-9F4A-1447448DFEE8}.Release|Any CPU.Build.0 = Release|Any CPU
		{90C91C34-BE13-492A-AF5C-4EF80DBD491B}.Debug|Any CPU.ActiveCfg = Debug|Any CPU
		{90C91C34-BE13-492A-AF5C-4EF80DBD491B}.Debug|Any CPU.Build.0 = Debug|Any CPU
		{90C91C34-BE13-492A-AF5C-4EF80DBD491B}.Release|Any CPU.ActiveCfg = Release|Any CPU
		{90C91C34-BE13-492A-AF5C-4EF80DBD491B}.Release|Any CPU.Build.0 = Release|Any CPU
	EndGlobalSection
EndGlobal
